
Microsoft Visual Studio Solution File, Format Version 12.00
# Visual Studio 14
VisualStudioVersion = 14.0.25420.1
MinimumVisualStudioVersion = 10.0.40219.1
Project("{FAE04EC0-301F-11D3-BF4B-00C04F79EFBC}") = "UsingAppDomains", "UsingAppDomains\UsingAppDomains.csproj", "{844314DD-4B64-4DA3-81D0-44D89D122639}"
EndProject
Project("{FAE04EC0-301F-11D3-BF4B-00C04F79EFBC}") = "UsingAppDomainEvents", "UsingAppDomainEvents\UsingAppDomainEvents.csproj", "{B0280F7F-6246-47A2-B7C8-06C4A1C5B0D5}"
EndProject
Global
	GlobalSection(SolutionConfigurationPlatforms) = preSolution
		Debug|Any CPU = Debug|Any CPU
		Release|Any CPU = Release|Any CPU
	EndGlobalSection
	GlobalSection(ProjectConfigurationPlatforms) = postSolution
		{844314DD-4B64-4DA3-81D0-44D89D122639}.Debug|Any CPU.ActiveCfg = Debug|Any CPU
		{844314DD-4B64-4DA3-81D0-44D89D122639}.Debug|Any CPU.Build.0 = Debug|Any CPU
		{844314DD-4B64-4DA3-81D0-44D89D122639}.Release|Any CPU.ActiveCfg = Release|Any CPU
		{844314DD-4B64-4DA3-81D0-44D89D122639}.Release|Any CPU.Build.0 = Release|Any CPU
		{B0280F7F-6246-47A2-B7C8-06C4A1C5B0D5}.Debug|Any CPU.ActiveCfg = Debug|Any CPU
		{B0280F7F-6246-47A2-B7C8-06C4A1C5B0D5}.Debug|Any CPU.Build.0 = Debug|Any CPU
		{B0280F7F-6246-47A2-B7C8-06C4A1C5B0D5}.Release|Any CPU.ActiveCfg = Release|Any CPU
		{B0280F7F-6246-47A2-B7C8-06C4A1C5B0D5}.Release|Any CPU.Build.0 = Release|Any CPU
	EndGlobalSection
	GlobalSection(SolutionProperties) = preSolution
		HideSolutionNode = FALSE
	EndGlobalSection
EndGlobal
