
Microsoft Visual Studio Solution File, Format Version 12.00
# Visual Studio 15
VisualStudioVersion = 15.0.26430.15
MinimumVisualStudioVersion = 10.0.40219.1
Project("{FAE04EC0-301F-11D3-BF4B-00C04F79EFBC}") = "UsingTasks", "UsingTasks\UsingTasks.csproj", "{C1973267-2E42-44DC-9D12-F8B2A096C5D5}"
EndProject
Project("{FAE04EC0-301F-11D3-BF4B-00C04F79EFBC}") = "UsingContinuousTasks", "UsingContinuousTasks\UsingContinuousTasks.csproj", "{A6245BE2-0EE4-4D81-8A39-DF04E1D91B51}"
EndProject
Global
	GlobalSection(SolutionConfigurationPlatforms) = preSolution
		Debug|Any CPU = Debug|Any CPU
		Release|Any CPU = Release|Any CPU
	EndGlobalSection
	GlobalSection(ProjectConfigurationPlatforms) = postSolution
		{C1973267-2E42-44DC-9D12-F8B2A096C5D5}.Debug|Any CPU.ActiveCfg = Debug|Any CPU
		{C1973267-2E42-44DC-9D12-F8B2A096C5D5}.Debug|Any CPU.Build.0 = Debug|Any CPU
		{C1973267-2E42-44DC-9D12-F8B2A096C5D5}.Release|Any CPU.ActiveCfg = Release|Any CPU
		{C1973267-2E42-44DC-9D12-F8B2A096C5D5}.Release|Any CPU.Build.0 = Release|Any CPU
		{A6245BE2-0EE4-4D81-8A39-DF04E1D91B51}.Debug|Any CPU.ActiveCfg = Debug|Any CPU
		{A6245BE2-0EE4-4D81-8A39-DF04E1D91B51}.Debug|Any CPU.Build.0 = Debug|Any CPU
		{A6245BE2-0EE4-4D81-8A39-DF04E1D91B51}.Release|Any CPU.ActiveCfg = Release|Any CPU
		{A6245BE2-0EE4-4D81-8A39-DF04E1D91B51}.Release|Any CPU.Build.0 = Release|Any CPU
	EndGlobalSection
	GlobalSection(SolutionProperties) = preSolution
		HideSolutionNode = FALSE
	EndGlobalSection
EndGlobal
