
Microsoft Visual Studio Solution File, Format Version 12.00
# Visual Studio 15
VisualStudioVersion = 15.0.26430.14
MinimumVisualStudioVersion = 10.0.40219.1
Project("{FAE04EC0-301F-11D3-BF4B-00C04F79EFBC}") = "StructsAndClassesInMemory", "StructsAndClassesInMemory\StructsAndClassesInMemory.csproj", "{53228F97-7B74-4C3C-AC7C-786EB64DAB1D}"
EndProject
Project("{FAE04EC0-301F-11D3-BF4B-00C04F79EFBC}") = "ValueAndReferenceTypes", "ValueAndReferenceTypes\ValueAndReferenceTypes.csproj", "{02ACFFBE-5D63-4A9C-A216-822C61C9201B}"
EndProject
Project("{FAE04EC0-301F-11D3-BF4B-00C04F79EFBC}") = "ValueAndReferenceTypes.Tests", "ValueAndReferenceTypes.Tests\ValueAndReferenceTypes.Tests.csproj", "{B49AE551-BDE6-4128-A06A-7C2A606D7B21}"
EndProject
Project("{FAE04EC0-301F-11D3-BF4B-00C04F79EFBC}") = "BoxingAndUnboxing", "BoxingAndUnboxing\BoxingAndUnboxing.csproj", "{A534DF4C-19FD-4820-8E43-BC20C2BBB634}"
EndProject
Global
	GlobalSection(SolutionConfigurationPlatforms) = preSolution
		Debug|Any CPU = Debug|Any CPU
		Release|Any CPU = Release|Any CPU
	EndGlobalSection
	GlobalSection(ProjectConfigurationPlatforms) = postSolution
		{53228F97-7B74-4C3C-AC7C-786EB64DAB1D}.Debug|Any CPU.ActiveCfg = Debug|Any CPU
		{53228F97-7B74-4C3C-AC7C-786EB64DAB1D}.Debug|Any CPU.Build.0 = Debug|Any CPU
		{53228F97-7B74-4C3C-AC7C-786EB64DAB1D}.Release|Any CPU.ActiveCfg = Release|Any CPU
		{53228F97-7B74-4C3C-AC7C-786EB64DAB1D}.Release|Any CPU.Build.0 = Release|Any CPU
		{02ACFFBE-5D63-4A9C-A216-822C61C9201B}.Debug|Any CPU.ActiveCfg = Debug|Any CPU
		{02ACFFBE-5D63-4A9C-A216-822C61C9201B}.Debug|Any CPU.Build.0 = Debug|Any CPU
		{02ACFFBE-5D63-4A9C-A216-822C61C9201B}.Release|Any CPU.ActiveCfg = Release|Any CPU
		{02ACFFBE-5D63-4A9C-A216-822C61C9201B}.Release|Any CPU.Build.0 = Release|Any CPU
		{B49AE551-BDE6-4128-A06A-7C2A606D7B21}.Debug|Any CPU.ActiveCfg = Debug|Any CPU
		{B49AE551-BDE6-4128-A06A-7C2A606D7B21}.Debug|Any CPU.Build.0 = Debug|Any CPU
		{B49AE551-BDE6-4128-A06A-7C2A606D7B21}.Release|Any CPU.ActiveCfg = Release|Any CPU
		{B49AE551-BDE6-4128-A06A-7C2A606D7B21}.Release|Any CPU.Build.0 = Release|Any CPU
		{A534DF4C-19FD-4820-8E43-BC20C2BBB634}.Debug|Any CPU.ActiveCfg = Debug|Any CPU
		{A534DF4C-19FD-4820-8E43-BC20C2BBB634}.Debug|Any CPU.Build.0 = Debug|Any CPU
		{A534DF4C-19FD-4820-8E43-BC20C2BBB634}.Release|Any CPU.ActiveCfg = Release|Any CPU
		{A534DF4C-19FD-4820-8E43-BC20C2BBB634}.Release|Any CPU.Build.0 = Release|Any CPU
	EndGlobalSection
	GlobalSection(SolutionProperties) = preSolution
		HideSolutionNode = FALSE
	EndGlobalSection
EndGlobal
