
Microsoft Visual Studio Solution File, Format Version 12.00
# Visual Studio 14
VisualStudioVersion = 14.0.25420.1
MinimumVisualStudioVersion = 10.0.40219.1
Project("{FAE04EC0-301F-11D3-BF4B-00C04F79EFBC}") = "ServiceApplication", "ServiceApplication\ServiceApplication.csproj", "{DBB45675-D296-43BE-85ED-A05E8DE614E8}"
EndProject
Project("{FAE04EC0-301F-11D3-BF4B-00C04F79EFBC}") = "MyServiceLibrary", "MyServiceLibrary\MyServiceLibrary.csproj", "{83615058-2919-4CA9-84C2-5368CEF9F281}"
EndProject
Project("{FAE04EC0-301F-11D3-BF4B-00C04F79EFBC}") = "MyServiceLibrary.Tests", "MyServiceLibrary.Tests\MyServiceLibrary.Tests.csproj", "{9A6C785F-F746-4392-89EF-C133C6FF80F1}"
EndProject
Global
	GlobalSection(SolutionConfigurationPlatforms) = preSolution
		Debug|Any CPU = Debug|Any CPU
		Release|Any CPU = Release|Any CPU
	EndGlobalSection
	GlobalSection(ProjectConfigurationPlatforms) = postSolution
		{DBB45675-D296-43BE-85ED-A05E8DE614E8}.Debug|Any CPU.ActiveCfg = Debug|Any CPU
		{DBB45675-D296-43BE-85ED-A05E8DE614E8}.Debug|Any CPU.Build.0 = Debug|Any CPU
		{DBB45675-D296-43BE-85ED-A05E8DE614E8}.Release|Any CPU.ActiveCfg = Release|Any CPU
		{DBB45675-D296-43BE-85ED-A05E8DE614E8}.Release|Any CPU.Build.0 = Release|Any CPU
		{83615058-2919-4CA9-84C2-5368CEF9F281}.Debug|Any CPU.ActiveCfg = Debug|Any CPU
		{83615058-2919-4CA9-84C2-5368CEF9F281}.Debug|Any CPU.Build.0 = Debug|Any CPU
		{83615058-2919-4CA9-84C2-5368CEF9F281}.Release|Any CPU.ActiveCfg = Release|Any CPU
		{83615058-2919-4CA9-84C2-5368CEF9F281}.Release|Any CPU.Build.0 = Release|Any CPU
		{9A6C785F-F746-4392-89EF-C133C6FF80F1}.Debug|Any CPU.ActiveCfg = Debug|Any CPU
		{9A6C785F-F746-4392-89EF-C133C6FF80F1}.Debug|Any CPU.Build.0 = Debug|Any CPU
		{9A6C785F-F746-4392-89EF-C133C6FF80F1}.Release|Any CPU.ActiveCfg = Release|Any CPU
		{9A6C785F-F746-4392-89EF-C133C6FF80F1}.Release|Any CPU.Build.0 = Release|Any CPU
	EndGlobalSection
	GlobalSection(SolutionProperties) = preSolution
		HideSolutionNode = FALSE
	EndGlobalSection
EndGlobal
