
Microsoft Visual Studio Solution File, Format Version 12.00
# Visual Studio 15
VisualStudioVersion = 15.0.26430.4
MinimumVisualStudioVersion = 10.0.40219.1
Project("{FAE04EC0-301F-11D3-BF4B-00C04F79EFBC}") = "Delegates_Task1", "Task1\Delegates_Task1.csproj", "{BA1C1649-F1E4-401D-861A-73A6BCD11ABA}"
EndProject
Global
	GlobalSection(SolutionConfigurationPlatforms) = preSolution
		Debug|Any CPU = Debug|Any CPU
		Release|Any CPU = Release|Any CPU
	EndGlobalSection
	GlobalSection(ProjectConfigurationPlatforms) = postSolution
		{BA1C1649-F1E4-401D-861A-73A6BCD11ABA}.Debug|Any CPU.ActiveCfg = Debug|Any CPU
		{BA1C1649-F1E4-401D-861A-73A6BCD11ABA}.Debug|Any CPU.Build.0 = Debug|Any CPU
		{BA1C1649-F1E4-401D-861A-73A6BCD11ABA}.Release|Any CPU.ActiveCfg = Release|Any CPU
		{BA1C1649-F1E4-401D-861A-73A6BCD11ABA}.Release|Any CPU.Build.0 = Release|Any CPU
	EndGlobalSection
	GlobalSection(SolutionProperties) = preSolution
		HideSolutionNode = FALSE
	EndGlobalSection
EndGlobal
