
Microsoft Visual Studio Solution File, Format Version 12.00
# Visual Studio 14
VisualStudioVersion = 14.0.25420.1
MinimumVisualStudioVersion = 10.0.40219.1
Project("{FAE04EC0-301F-11D3-BF4B-00C04F79EFBC}") = "ManagingThreads", "ManagingThreads\ManagingThreads.csproj", "{1015ADBD-32D5-4933-8AF5-FB5D445ADA86}"
EndProject
Project("{FAE04EC0-301F-11D3-BF4B-00C04F79EFBC}") = "UsingThreadPool", "UsingThreadPool\UsingThreadPool.csproj", "{15DFBBA1-78FC-424A-A146-55CF5387B689}"
EndProject
Project("{FAE04EC0-301F-11D3-BF4B-00C04F79EFBC}") = "UsingMutexForSequence", "UsingMutexForSequence\UsingMutexForSequence.csproj", "{FAA292C8-8EC5-4A3B-9F3C-3F970BF5EFFB}"
EndProject
Global
	GlobalSection(SolutionConfigurationPlatforms) = preSolution
		Debug|Any CPU = Debug|Any CPU
		Release|Any CPU = Release|Any CPU
	EndGlobalSection
	GlobalSection(ProjectConfigurationPlatforms) = postSolution
		{1015ADBD-32D5-4933-8AF5-FB5D445ADA86}.Debug|Any CPU.ActiveCfg = Debug|Any CPU
		{1015ADBD-32D5-4933-8AF5-FB5D445ADA86}.Debug|Any CPU.Build.0 = Debug|Any CPU
		{1015ADBD-32D5-4933-8AF5-FB5D445ADA86}.Release|Any CPU.ActiveCfg = Release|Any CPU
		{1015ADBD-32D5-4933-8AF5-FB5D445ADA86}.Release|Any CPU.Build.0 = Release|Any CPU
		{15DFBBA1-78FC-424A-A146-55CF5387B689}.Debug|Any CPU.ActiveCfg = Debug|Any CPU
		{15DFBBA1-78FC-424A-A146-55CF5387B689}.Debug|Any CPU.Build.0 = Debug|Any CPU
		{15DFBBA1-78FC-424A-A146-55CF5387B689}.Release|Any CPU.ActiveCfg = Release|Any CPU
		{15DFBBA1-78FC-424A-A146-55CF5387B689}.Release|Any CPU.Build.0 = Release|Any CPU
		{FAA292C8-8EC5-4A3B-9F3C-3F970BF5EFFB}.Debug|Any CPU.ActiveCfg = Debug|Any CPU
		{FAA292C8-8EC5-4A3B-9F3C-3F970BF5EFFB}.Debug|Any CPU.Build.0 = Debug|Any CPU
		{FAA292C8-8EC5-4A3B-9F3C-3F970BF5EFFB}.Release|Any CPU.ActiveCfg = Release|Any CPU
		{FAA292C8-8EC5-4A3B-9F3C-3F970BF5EFFB}.Release|Any CPU.Build.0 = Release|Any CPU
	EndGlobalSection
	GlobalSection(SolutionProperties) = preSolution
		HideSolutionNode = FALSE
	EndGlobalSection
EndGlobal
