
Microsoft Visual Studio Solution File, Format Version 12.00
# Visual Studio 15
VisualStudioVersion = 15.0.26430.4
MinimumVisualStudioVersion = 10.0.40219.1
Project("{FAE04EC0-301F-11D3-BF4B-00C04F79EFBC}") = "CollectionSamples", "CollectionSamples\CollectionSamples.csproj", "{02F1283B-D3B0-4A4B-9EC0-D2883D200633}"
EndProject
Project("{FAE04EC0-301F-11D3-BF4B-00C04F79EFBC}") = "CollectionInterfaces", "CollectionInterfaces\CollectionInterfaces.csproj", "{EB290B19-C14C-4DA8-A4EA-B01838153FD5}"
EndProject
Global
	GlobalSection(SolutionConfigurationPlatforms) = preSolution
		Debug|Any CPU = Debug|Any CPU
		Release|Any CPU = Release|Any CPU
	EndGlobalSection
	GlobalSection(ProjectConfigurationPlatforms) = postSolution
		{02F1283B-D3B0-4A4B-9EC0-D2883D200633}.Debug|Any CPU.ActiveCfg = Debug|Any CPU
		{02F1283B-D3B0-4A4B-9EC0-D2883D200633}.Debug|Any CPU.Build.0 = Debug|Any CPU
		{02F1283B-D3B0-4A4B-9EC0-D2883D200633}.Release|Any CPU.ActiveCfg = Release|Any CPU
		{02F1283B-D3B0-4A4B-9EC0-D2883D200633}.Release|Any CPU.Build.0 = Release|Any CPU
		{EB290B19-C14C-4DA8-A4EA-B01838153FD5}.Debug|Any CPU.ActiveCfg = Debug|Any CPU
		{EB290B19-C14C-4DA8-A4EA-B01838153FD5}.Debug|Any CPU.Build.0 = Debug|Any CPU
		{EB290B19-C14C-4DA8-A4EA-B01838153FD5}.Release|Any CPU.ActiveCfg = Release|Any CPU
		{EB290B19-C14C-4DA8-A4EA-B01838153FD5}.Release|Any CPU.Build.0 = Release|Any CPU
	EndGlobalSection
	GlobalSection(SolutionProperties) = preSolution
		HideSolutionNode = FALSE
	EndGlobalSection
EndGlobal
